
Microsoft Visual Studio Solution File, Format Version 12.00
# Visual Studio Version 17
VisualStudioVersion = 17.13.35828.75 d17.13
MinimumVisualStudioVersion = 10.0.40219.1
Project("{FAE04EC0-301F-11D3-BF4B-00C04F79EFBC}") = "reszveny_figyelo", "reszveny_figyelo\reszveny_figyelo.csproj", "{BC8B59EB-3E13-4D63-B54E-C48C008BAA2B}"
EndProject
Global
	GlobalSection(SolutionConfigurationPlatforms) = preSolution
		Debug|Any CPU = Debug|Any CPU
		Release|Any CPU = Release|Any CPU
	EndGlobalSection
	GlobalSection(ProjectConfigurationPlatforms) = postSolution
		{BC8B59EB-3E13-4D63-B54E-C48C008BAA2B}.Debug|Any CPU.ActiveCfg = Debug|Any CPU
		{BC8B59EB-3E13-4D63-B54E-C48C008BAA2B}.Debug|Any CPU.Build.0 = Debug|Any CPU
		{BC8B59EB-3E13-4D63-B54E-C48C008BAA2B}.Release|Any CPU.ActiveCfg = Release|Any CPU
		{BC8B59EB-3E13-4D63-B54E-C48C008BAA2B}.Release|Any CPU.Build.0 = Release|Any CPU
	EndGlobalSection
	GlobalSection(SolutionProperties) = preSolution
		HideSolutionNode = FALSE
	EndGlobalSection
	GlobalSection(ExtensibilityGlobals) = postSolution
		SolutionGuid = {CB17B487-9DE4-4CDD-93E8-E3D5F617B078}
	EndGlobalSection
EndGlobal
